{
  "pins" : [
    {
      "identity" : "skip",
      "kind" : "remoteSourceControl",
      "location" : "https://source.skip.tools/skip.git",
      "state" : {
        "revision" : "e3f722455a2c147eb91290d9948c85950eaf4b35",
        "version" : "1.6.1"
      }
    },
    {
      "identity" : "skip-foundation",
      "kind" : "remoteSourceControl",
      "location" : "https://source.skip.tools/skip-foundation.git",
      "state" : {
        "revision" : "965c353270571ae78eeb2acdc641bb19b0a2c861",
        "version" : "1.3.7"
      }
    },
    {
      "identity" : "skip-lib",
      "kind" : "remoteSourceControl",
      "location" : "https://source.skip.tools/skip-lib.git",
      "state" : {
        "revision" : "30c97059e731f1b42a5ea1ead50b9e03fef3a7a4",
        "version" : "1.3.7"
      }
    },
    {
      "identity" : "skip-model",
      "kind" : "remoteSourceControl",
      "location" : "https://source.skip.tools/skip-model.git",
      "state" : {
        "revision" : "1a90655e5296e8524f9e76074b198a525c5e216b",
        "version" : "1.5.0"
      }
    },
    {
      "identity" : "skip-ui",
      "kind" : "remoteSourceControl",
      "location" : "https://source.skip.tools/skip-ui.git",
      "state" : {
        "revision" : "ac41dce365b49dbf17a16b771e6895649e2db6e4",
        "version" : "1.33.0"
      }
    },
    {
      "identity" : "skip-unit",
      "kind" : "remoteSourceControl",
      "location" : "https://source.skip.tools/skip-unit.git",
      "state" : {
        "revision" : "0ed0649a680186b227e5ee14fd2f32ce2c8a1879",
        "version" : "1.2.1"
      }
    }
  ],
  "version" : 2
}
